{
  "version": 4,
  "terraform_version": "1.8.4",
  "serial": 35,
  "lineage": "64770f8b-36d9-4fc5-56b6-62f8868bcb11",
  "outputs": {},
  "resources": [
    {
      "mode": "managed",
      "type": "aws_db_instance",
      "name": "default",
      "provider": "provider[\"registry.terraform.io/hashicorp/aws\"]",
      "instances": [
        {
          "schema_version": 2,
          "attributes": {
            "address": "terraform-20240525045556987900000009.cbewa8ac4l7b.ap-south-1.rds.amazonaws.com",
            "allocated_storage": 20,
            "allow_major_version_upgrade": null,
            "apply_immediately": false,
            "arn": "arn:aws:rds:ap-south-1:637423245284:db:terraform-20240525045556987900000009",
            "auto_minor_version_upgrade": true,
            "availability_zone": "ap-south-1a",
            "backup_retention_period": 0,
            "backup_target": "region",
            "backup_window": "22:32-23:02",
            "blue_green_update": [],
            "ca_cert_identifier": "rds-ca-rsa2048-g1",
            "character_set_name": "",
            "copy_tags_to_snapshot": false,
            "custom_iam_instance_profile": "",
            "customer_owned_ip_enabled": false,
            "db_name": "mydatabase",
            "db_subnet_group_name": "main-subnet-group",
            "dedicated_log_volume": false,
            "delete_automated_backups": true,
            "deletion_protection": false,
            "domain": "",
            "domain_auth_secret_arn": "",
            "domain_dns_ips": null,
            "domain_fqdn": "",
            "domain_iam_role_name": "",
            "domain_ou": "",
            "enabled_cloudwatch_logs_exports": null,
            "endpoint": "terraform-20240525045556987900000009.cbewa8ac4l7b.ap-south-1.rds.amazonaws.com:3306",
            "engine": "mysql",
            "engine_version": "8.0",
            "engine_version_actual": "8.0.35",
            "final_snapshot_identifier": null,
            "hosted_zone_id": "Z2VFMSZA74J7XZ",
            "iam_database_authentication_enabled": false,
            "id": "db-OIZ7LOYGCC3W3HM3RUGM47KFTM",
            "identifier": "terraform-20240525045556987900000009",
            "identifier_prefix": "terraform-",
            "instance_class": "db.t3.micro",
            "iops": 0,
            "kms_key_id": "",
            "latest_restorable_time": "",
            "license_model": "general-public-license",
            "listener_endpoint": [],
            "maintenance_window": "wed:06:19-wed:06:49",
            "manage_master_user_password": null,
            "master_user_secret": [],
            "master_user_secret_kms_key_id": null,
            "max_allocated_storage": 0,
            "monitoring_interval": 0,
            "monitoring_role_arn": "",
            "multi_az": false,
            "nchar_character_set_name": "",
            "network_type": "IPV4",
            "option_group_name": "default:mysql-8-0",
            "parameter_group_name": "default.mysql8.0",
            "password": "password",
            "performance_insights_enabled": false,
            "performance_insights_kms_key_id": "",
            "performance_insights_retention_period": 0,
            "port": 3306,
            "publicly_accessible": false,
            "replica_mode": "",
            "replicas": [],
            "replicate_source_db": "",
            "resource_id": "db-OIZ7LOYGCC3W3HM3RUGM47KFTM",
            "restore_to_point_in_time": [],
            "s3_import": [],
            "skip_final_snapshot": true,
            "snapshot_identifier": null,
            "status": "available",
            "storage_encrypted": false,
            "storage_throughput": 0,
            "storage_type": "gp2",
            "tags": {
              "Name": "my-rds-instance"
            },
            "tags_all": {
              "Name": "my-rds-instance"
            },
            "timeouts": null,
            "timezone": "",
            "username": "admin",
            "vpc_security_group_ids": [
              "sg-06d53b9401e50a81c"
            ]
          },
          "sensitive_attributes": [
            [
              {
                "type": "get_attr",
                "value": "password"
              }
            ]
          ],
          "private": "eyJlMmJmYjczMC1lY2FhLTExZTYtOGY4OC0zNDM2M2JjN2M0YzAiOnsiY3JlYXRlIjoyNDAwMDAwMDAwMDAwLCJkZWxldGUiOjM2MDAwMDAwMDAwMDAsInVwZGF0ZSI6NDgwMDAwMDAwMDAwMH0sInNjaGVtYV92ZXJzaW9uIjoiMiJ9",
          "dependencies": [
            "aws_db_subnet_group.main",
            "aws_security_group.rds_sg",
            "module.vpc.aws_subnet.private",
            "module.vpc.aws_vpc.this",
            "module.vpc.aws_vpc_ipv4_cidr_block_association.this"
          ]
        }
      ]
    },
    {
      "mode": "managed",
      "type": "aws_db_subnet_group",
      "name": "main",
      "provider": "provider[\"registry.terraform.io/hashicorp/aws\"]",
      "instances": [
        {
          "schema_version": 0,
          "attributes": {
            "arn": "arn:aws:rds:ap-south-1:637423245284:subgrp:main-subnet-group",
            "description": "Managed by Terraform",
            "id": "main-subnet-group",
            "name": "main-subnet-group",
            "name_prefix": "",
            "subnet_ids": [
              "subnet-013f178fa2ae6e3d0",
              "subnet-0eeeddbaf71ac7ee2"
            ],
            "supported_network_types": [
              "IPV4"
            ],
            "tags": {
              "Name": "main-subnet-group"
            },
            "tags_all": {
              "Name": "main-subnet-group"
            },
            "vpc_id": "vpc-0a7bc3f269f598838"
          },
          "sensitive_attributes": [],
          "private": "bnVsbA==",
          "dependencies": [
            "module.vpc.aws_subnet.private",
            "module.vpc.aws_vpc.this",
            "module.vpc.aws_vpc_ipv4_cidr_block_association.this"
          ]
        }
      ]
    },
    {
      "mode": "managed",
      "type": "aws_instance",
      "name": "demoinstance",
      "provider": "provider[\"registry.terraform.io/hashicorp/aws\"]",
      "instances": [
        {
          "index_key": 0,
          "schema_version": 1,
          "attributes": {
            "ami": "ami-08ebc9e780cde07dd",
            "arn": "arn:aws:ec2:ap-south-1:637423245284:instance/i-05808b65b28f5eb6c",
            "associate_public_ip_address": true,
            "availability_zone": "ap-south-1a",
            "capacity_reservation_specification": [
              {
                "capacity_reservation_preference": "open",
                "capacity_reservation_target": []
              }
            ],
            "cpu_core_count": 1,
            "cpu_options": [
              {
                "amd_sev_snp": "",
                "core_count": 1,
                "threads_per_core": 2
              }
            ],
            "cpu_threads_per_core": 2,
            "credit_specification": [
              {
                "cpu_credits": "unlimited"
              }
            ],
            "disable_api_stop": false,
            "disable_api_termination": false,
            "ebs_block_device": [],
            "ebs_optimized": false,
            "enclave_options": [
              {
                "enabled": false
              }
            ],
            "ephemeral_block_device": [],
            "get_password_data": false,
            "hibernation": false,
            "host_id": "",
            "host_resource_group_arn": null,
            "iam_instance_profile": "",
            "id": "i-05808b65b28f5eb6c",
            "instance_initiated_shutdown_behavior": "stop",
            "instance_lifecycle": "",
            "instance_market_options": [],
            "instance_state": "running",
            "instance_type": "t3.micro",
            "ipv6_address_count": 0,
            "ipv6_addresses": [],
            "key_name": "example-key-pair",
            "launch_template": [],
            "maintenance_options": [
              {
                "auto_recovery": "default"
              }
            ],
            "metadata_options": [
              {
                "http_endpoint": "enabled",
                "http_protocol_ipv6": "disabled",
                "http_put_response_hop_limit": 1,
                "http_tokens": "optional",
                "instance_metadata_tags": "disabled"
              }
            ],
            "monitoring": false,
            "network_interface": [],
            "outpost_arn": "",
            "password_data": "",
            "placement_group": "",
            "placement_partition_number": 0,
            "primary_network_interface_id": "eni-034ef9c234e70d72f",
            "private_dns": "ip-192-168-11-40.ap-south-1.compute.internal",
            "private_dns_name_options": [
              {
                "enable_resource_name_dns_a_record": false,
                "enable_resource_name_dns_aaaa_record": false,
                "hostname_type": "ip-name"
              }
            ],
            "private_ip": "192.168.11.40",
            "public_dns": "ec2-65-2-177-85.ap-south-1.compute.amazonaws.com",
            "public_ip": "65.2.177.85",
            "root_block_device": [
              {
                "delete_on_termination": true,
                "device_name": "/dev/xvda",
                "encrypted": false,
                "iops": 100,
                "kms_key_id": "",
                "tags": {},
                "tags_all": {},
                "throughput": 0,
                "volume_id": "vol-07c5e2ffedafe8fbc",
                "volume_size": 8,
                "volume_type": "gp2"
              }
            ],
            "secondary_private_ips": [],
            "security_groups": [],
            "source_dest_check": true,
            "spot_instance_request_id": "",
            "subnet_id": "subnet-0233ec7782dea47b4",
            "tags": {
              "Name": "My Public Instance"
            },
            "tags_all": {
              "Name": "My Public Instance"
            },
            "tenancy": "default",
            "timeouts": null,
            "user_data": "adfb93d08902c6155b178020ed099dfc1724f3c9",
            "user_data_base64": null,
            "user_data_replace_on_change": false,
            "volume_tags": null,
            "vpc_security_group_ids": [
              "sg-0688b3276250f54b3"
            ]
          },
          "sensitive_attributes": [],
          "private": "eyJlMmJmYjczMC1lY2FhLTExZTYtOGY4OC0zNDM2M2JjN2M0YzAiOnsiY3JlYXRlIjo2MDAwMDAwMDAwMDAsImRlbGV0ZSI6MTIwMDAwMDAwMDAwMCwicmVhZCI6OTAwMDAwMDAwMDAwLCJ1cGRhdGUiOjYwMDAwMDAwMDAwMH0sInNjaGVtYV92ZXJzaW9uIjoiMSJ9",
          "dependencies": [
            "aws_key_pair.Pem_key",
            "aws_security_group.webserver_sg",
            "module.vpc.aws_subnet.public",
            "module.vpc.aws_vpc.this",
            "module.vpc.aws_vpc_ipv4_cidr_block_association.this",
            "tls_private_key.example"
          ]
        },
        {
          "index_key": 1,
          "schema_version": 1,
          "attributes": {
            "ami": "ami-08ebc9e780cde07dd",
            "arn": "arn:aws:ec2:ap-south-1:637423245284:instance/i-054b2ce29df05f86d",
            "associate_public_ip_address": true,
            "availability_zone": "ap-south-1a",
            "capacity_reservation_specification": [
              {
                "capacity_reservation_preference": "open",
                "capacity_reservation_target": []
              }
            ],
            "cpu_core_count": 1,
            "cpu_options": [
              {
                "amd_sev_snp": "",
                "core_count": 1,
                "threads_per_core": 2
              }
            ],
            "cpu_threads_per_core": 2,
            "credit_specification": [
              {
                "cpu_credits": "unlimited"
              }
            ],
            "disable_api_stop": false,
            "disable_api_termination": false,
            "ebs_block_device": [],
            "ebs_optimized": false,
            "enclave_options": [
              {
                "enabled": false
              }
            ],
            "ephemeral_block_device": [],
            "get_password_data": false,
            "hibernation": false,
            "host_id": "",
            "host_resource_group_arn": null,
            "iam_instance_profile": "",
            "id": "i-054b2ce29df05f86d",
            "instance_initiated_shutdown_behavior": "stop",
            "instance_lifecycle": "",
            "instance_market_options": [],
            "instance_state": "running",
            "instance_type": "t3.micro",
            "ipv6_address_count": 0,
            "ipv6_addresses": [],
            "key_name": "example-key-pair",
            "launch_template": [],
            "maintenance_options": [
              {
                "auto_recovery": "default"
              }
            ],
            "metadata_options": [
              {
                "http_endpoint": "enabled",
                "http_protocol_ipv6": "disabled",
                "http_put_response_hop_limit": 1,
                "http_tokens": "optional",
                "instance_metadata_tags": "disabled"
              }
            ],
            "monitoring": false,
            "network_interface": [],
            "outpost_arn": "",
            "password_data": "",
            "placement_group": "",
            "placement_partition_number": 0,
            "primary_network_interface_id": "eni-0625768890ec8676c",
            "private_dns": "ip-192-168-11-127.ap-south-1.compute.internal",
            "private_dns_name_options": [
              {
                "enable_resource_name_dns_a_record": false,
                "enable_resource_name_dns_aaaa_record": false,
                "hostname_type": "ip-name"
              }
            ],
            "private_ip": "192.168.11.127",
            "public_dns": "ec2-13-233-229-121.ap-south-1.compute.amazonaws.com",
            "public_ip": "13.233.229.121",
            "root_block_device": [
              {
                "delete_on_termination": true,
                "device_name": "/dev/xvda",
                "encrypted": false,
                "iops": 100,
                "kms_key_id": "",
                "tags": {},
                "tags_all": {},
                "throughput": 0,
                "volume_id": "vol-0c1d3d9175f2766c8",
                "volume_size": 8,
                "volume_type": "gp2"
              }
            ],
            "secondary_private_ips": [],
            "security_groups": [],
            "source_dest_check": true,
            "spot_instance_request_id": "",
            "subnet_id": "subnet-0233ec7782dea47b4",
            "tags": {
              "Name": "My Public Instance"
            },
            "tags_all": {
              "Name": "My Public Instance"
            },
            "tenancy": "default",
            "timeouts": null,
            "user_data": "adfb93d08902c6155b178020ed099dfc1724f3c9",
            "user_data_base64": null,
            "user_data_replace_on_change": false,
            "volume_tags": null,
            "vpc_security_group_ids": [
              "sg-0688b3276250f54b3"
            ]
          },
          "sensitive_attributes": [],
          "private": "eyJlMmJmYjczMC1lY2FhLTExZTYtOGY4OC0zNDM2M2JjN2M0YzAiOnsiY3JlYXRlIjo2MDAwMDAwMDAwMDAsImRlbGV0ZSI6MTIwMDAwMDAwMDAwMCwicmVhZCI6OTAwMDAwMDAwMDAwLCJ1cGRhdGUiOjYwMDAwMDAwMDAwMH0sInNjaGVtYV92ZXJzaW9uIjoiMSJ9",
          "dependencies": [
            "aws_key_pair.Pem_key",
            "aws_security_group.webserver_sg",
            "module.vpc.aws_subnet.public",
            "module.vpc.aws_vpc.this",
            "module.vpc.aws_vpc_ipv4_cidr_block_association.this",
            "tls_private_key.example"
          ]
        }
      ]
    },
    {
      "mode": "managed",
      "type": "aws_key_pair",
      "name": "Pem_key",
      "provider": "provider[\"registry.terraform.io/hashicorp/aws\"]",
      "instances": [
        {
          "schema_version": 1,
          "attributes": {
            "arn": "arn:aws:ec2:ap-south-1:637423245284:key-pair/example-key-pair",
            "fingerprint": "f4:8e:e4:02:e2:27:5c:57:e9:b9:62:ca:ed:ec:c2:73",
            "id": "example-key-pair",
            "key_name": "example-key-pair",
            "key_name_prefix": "",
            "key_pair_id": "key-049ebe14150c304c2",
            "key_type": "rsa",
            "public_key": "ssh-rsa AAAAB3NzaC1yc2EAAAADAQABAAACAQCoR1xbynmQUmRqjeSfCSEcSbP8ehxq6xFmDFQdkakspEjXk42tUumrKoPD73/6qOLihi8aIv6dWh9QyPROqxcSexqQQjq/FV1BN5JxHUVNyximCvP7EQTxxxcIlqHHgkVxUcssUxyeArpGu0Axt9vQsLuDxu6RbhL0rTL73IeCKJnuH/wOlAbLIxjhNfbr+nJOacnpXg0fgZ15T9c+vgexG5tgpmQiIz4K4YnU5D+Vg2XYVcEOGgB6kER41AxF4CLjUtgyT9KIjU35OyHKU7ZYcXz24TJ56Apxum/Lxt54U4aMrOdWz3VVPlCh2hznFi56ycNALGfrLg3iaS7QA/B22nq7ivwhzQpbIKLEUp+LvwBeMKd10QlVPriI0JYRZ52T4KQeHFdjbIuamH++fpJxaWhzpLhEqb+bw64l9VHWrOoir2HlQ19KIA51juTk/qDFDhfuwgydwafUl6a6s68uN4kj9nd8BGBjAyviLJx3TQ3jP6uFgmIUyvZrFJHW5ccdy1NayIWmKJc3/15AGvmpOghGL8nmGxoNlViNCnqNSEjC+Omc3SPVd1+VMo2B2I5EHHtoi4o01+qVt31jMT74o3q0L9apon831I4NqQ/6YwFMKxvl1yPhp+qtgNDF9kubzaB/qNk9lRqRIQnANl3/y2LODNTUG3HVhgCXX48E5Q==",
            "tags": null,
            "tags_all": {}
          },
          "sensitive_attributes": [],
          "private": "eyJzY2hlbWFfdmVyc2lvbiI6IjEifQ==",
          "dependencies": [
            "tls_private_key.example"
          ]
        }
      ]
    },
    {
      "mode": "managed",
      "type": "aws_security_group",
      "name": "rds_sg",
      "provider": "provider[\"registry.terraform.io/hashicorp/aws\"]",
      "instances": [
        {
          "schema_version": 1,
          "attributes": {
            "arn": "arn:aws:ec2:ap-south-1:637423245284:security-group/sg-06d53b9401e50a81c",
            "description": "Managed by Terraform",
            "egress": [
              {
                "cidr_blocks": [
                  "0.0.0.0/0"
                ],
                "description": "",
                "from_port": 0,
                "ipv6_cidr_blocks": [],
                "prefix_list_ids": [],
                "protocol": "-1",
                "security_groups": [],
                "self": false,
                "to_port": 0
              }
            ],
            "id": "sg-06d53b9401e50a81c",
            "ingress": [
              {
                "cidr_blocks": [
                  "192.168.1.0/24",
                  "192.168.2.0/24"
                ],
                "description": "",
                "from_port": 3306,
                "ipv6_cidr_blocks": [],
                "prefix_list_ids": [],
                "protocol": "tcp",
                "security_groups": [],
                "self": false,
                "to_port": 3306
              }
            ],
            "name": "terraform-20240525045554296600000004",
            "name_prefix": "terraform-",
            "owner_id": "637423245284",
            "revoke_rules_on_delete": false,
            "tags": {
              "Name": "rds-security-group"
            },
            "tags_all": {
              "Name": "rds-security-group"
            },
            "timeouts": null,
            "vpc_id": "vpc-0a7bc3f269f598838"
          },
          "sensitive_attributes": [],
          "private": "eyJlMmJmYjczMC1lY2FhLTExZTYtOGY4OC0zNDM2M2JjN2M0YzAiOnsiY3JlYXRlIjo2MDAwMDAwMDAwMDAsImRlbGV0ZSI6OTAwMDAwMDAwMDAwfSwic2NoZW1hX3ZlcnNpb24iOiIxIn0=",
          "dependencies": [
            "module.vpc.aws_vpc.this"
          ]
        }
      ]
    },
    {
      "mode": "managed",
      "type": "aws_security_group",
      "name": "webserver_sg",
      "provider": "provider[\"registry.terraform.io/hashicorp/aws\"]",
      "instances": [
        {
          "schema_version": 1,
          "attributes": {
            "arn": "arn:aws:ec2:ap-south-1:637423245284:security-group/sg-0688b3276250f54b3",
            "description": "Managed by Terraform",
            "egress": [
              {
                "cidr_blocks": [
                  "0.0.0.0/0"
                ],
                "description": "",
                "from_port": 0,
                "ipv6_cidr_blocks": [],
                "prefix_list_ids": [],
                "protocol": "-1",
                "security_groups": [],
                "self": false,
                "to_port": 0
              }
            ],
            "id": "sg-0688b3276250f54b3",
            "ingress": [
              {
                "cidr_blocks": [
                  "0.0.0.0/0"
                ],
                "description": "",
                "from_port": 22,
                "ipv6_cidr_blocks": [],
                "prefix_list_ids": [],
                "protocol": "tcp",
                "security_groups": [],
                "self": false,
                "to_port": 22
              },
              {
                "cidr_blocks": [
                  "0.0.0.0/0"
                ],
                "description": "",
                "from_port": 443,
                "ipv6_cidr_blocks": [],
                "prefix_list_ids": [],
                "protocol": "tcp",
                "security_groups": [],
                "self": false,
                "to_port": 443
              },
              {
                "cidr_blocks": [
                  "0.0.0.0/0"
                ],
                "description": "",
                "from_port": 80,
                "ipv6_cidr_blocks": [],
                "prefix_list_ids": [],
                "protocol": "tcp",
                "security_groups": [],
                "self": false,
                "to_port": 80
              }
            ],
            "name": "webserver_sg",
            "name_prefix": "",
            "owner_id": "637423245284",
            "revoke_rules_on_delete": false,
            "tags": null,
            "tags_all": {},
            "timeouts": null,
            "vpc_id": "vpc-0a7bc3f269f598838"
          },
          "sensitive_attributes": [],
          "private": "eyJlMmJmYjczMC1lY2FhLTExZTYtOGY4OC0zNDM2M2JjN2M0YzAiOnsiY3JlYXRlIjo2MDAwMDAwMDAwMDAsImRlbGV0ZSI6OTAwMDAwMDAwMDAwfSwic2NoZW1hX3ZlcnNpb24iOiIxIn0=",
          "dependencies": [
            "module.vpc.aws_vpc.this"
          ]
        }
      ]
    },
    {
      "mode": "managed",
      "type": "tls_private_key",
      "name": "example",
      "provider": "provider[\"registry.terraform.io/hashicorp/tls\"]",
      "instances": [
        {
          "schema_version": 1,
          "attributes": {
            "algorithm": "RSA",
            "ecdsa_curve": "P224",
            "id": "ca8eda1df35c1a1ebcbb645153ecde93d18be9a7",
            "private_key_openssh": "-----BEGIN OPENSSH PRIVATE KEY-----\nb3BlbnNzaC1rZXktdjEAAAAABG5vbmUAAAAEbm9uZQAAAAAAAAABAAACFwAAAAdz\nc2gtcnNhAAAAAwEAAQAAAgEAqEdcW8p5kFJkao3knwkhHEmz/HocausRZgxUHZGp\nLKRI15ONrVLpqyqDw+9/+qji4oYvGiL+nVofUMj0TqsXEnsakEI6vxVdQTeScR1F\nTcsYpgrz+xEE8ccXCJahx4JFcVHLLFMcngK6RrtAMbfb0LC7g8bukW4S9K0y+9yH\ngiiZ7h/8DpQGyyMY4TX26/pyTmnJ6V4NH4GdeU/XPr4HsRubYKZkIiM+CuGJ1OQ/\nlYNl2FXBDhoAepBEeNQMReAi41LYMk/SiI1N+TshylO2WHF89uEyeegKcbpvy8be\neFOGjKznVs91VT5Qodoc5xYuesnDQCxn6y4N4mku0APwdtp6u4r8Ic0KWyCixFKf\ni78AXjCnddEJVT64iNCWEWedk+CkHhxXY2yLmph/vn6ScWloc6S4RKm/m8OuJfVR\n1qzqIq9h5UNfSiAOdY7k5P6gxQ4X7sIMncGn1JemurOvLjeJI/Z3fARgYwMr4iyc\nd00N4z+rhYJiFMr2axSR1uXHHctTWsiFpiiXN/9eQBr5qToIRi/J5hsaDZVYjQp6\njUhIwvjpnN0j1XdflTKNgdiORBx7aIuKNNfqlbd9YzE++KN6tC/WqaJ/N9SODakP\n+mMBTCsb5dcj4afqrYDQxfZLm82gf6jZPZUakSEJwDZd/8tizgzU1Btx1YYAl1+P\nBOUAAAc4ALcj3AC3I9wAAAAHc3NoLXJzYQAAAgEAqEdcW8p5kFJkao3knwkhHEmz\n/HocausRZgxUHZGpLKRI15ONrVLpqyqDw+9/+qji4oYvGiL+nVofUMj0TqsXEnsa\nkEI6vxVdQTeScR1FTcsYpgrz+xEE8ccXCJahx4JFcVHLLFMcngK6RrtAMbfb0LC7\ng8bukW4S9K0y+9yHgiiZ7h/8DpQGyyMY4TX26/pyTmnJ6V4NH4GdeU/XPr4HsRub\nYKZkIiM+CuGJ1OQ/lYNl2FXBDhoAepBEeNQMReAi41LYMk/SiI1N+TshylO2WHF8\n9uEyeegKcbpvy8beeFOGjKznVs91VT5Qodoc5xYuesnDQCxn6y4N4mku0APwdtp6\nu4r8Ic0KWyCixFKfi78AXjCnddEJVT64iNCWEWedk+CkHhxXY2yLmph/vn6ScWlo\nc6S4RKm/m8OuJfVR1qzqIq9h5UNfSiAOdY7k5P6gxQ4X7sIMncGn1JemurOvLjeJ\nI/Z3fARgYwMr4iycd00N4z+rhYJiFMr2axSR1uXHHctTWsiFpiiXN/9eQBr5qToI\nRi/J5hsaDZVYjQp6jUhIwvjpnN0j1XdflTKNgdiORBx7aIuKNNfqlbd9YzE++KN6\ntC/WqaJ/N9SODakP+mMBTCsb5dcj4afqrYDQxfZLm82gf6jZPZUakSEJwDZd/8ti\nzgzU1Btx1YYAl1+PBOUAAAADAQABAAACAHJMVh06v6sZa388dYbYCpdOMGRTBK5S\nj/TCdvfGkiPySk+yt058vJ44OFuDd2foAoNeJOwZzNtP9WlHtTkh2IADAZ3ufjx/\n5GGBv4P5H7OhOVK+qc1kV/lpAuogdi4u+7/mkJvAr/VbYO7eDNI4UaPEBvmQy0YY\nf+OVKMYNmjT8IuGs8+VrAdpEMof1wYuzBqTgEfbinQNDZJSbeFXzeQIBAF57ZhQR\n3/hADQB/L/j70NdKF+DeJGkbSIbRcKydetTw1kwGD7gUUlvwoBjvFzGnk/uUJlbL\nFxz8RycgIseT5BX08wTx0H5f3yCwJ2WGmXdpR6d1AfipxWB9lQBRTKgz9NTm+b5S\npIsuFz7v11L+QJa+1xZg0/HvWoLsFB5BR3FkXV1bBEhYkO/ZVY9+wShfCKX+JXP7\nR7htzLVPmXjh0reAH5NuZ9m7vwwU4Lc1e87KiEqDBi85+akfSIzOEFo9l9NPvFmm\n6j0GgUT3bzXvEa/sFu0E0urNYCnkvd52lGeCoNkXaa0X7e+ooGsjOemOI2aJUeaf\nIE76eqdu81e7ZyduzezAF43Wu1XYA3nVGnC7M6Mq/8mG/pbEiJD5a3eGKTS6nYCI\nuGRXdBEPe45cpFIf+272QzRvu/qRTJFbMequvPi0Z0Krdym0pRot12DT4Y5FURGK\ndIK0bHOcpZSZAAABAQDB+rwUxaFa4PvPL7v14IOc2Cjfn4zrSu2QTWV0/aeKW/2Y\n3sOXE8OfSQZiApkoDEPRPu9M/4D8mvrRN+Bl3XF2SyMVpPHDawVpLG5BcCymnob+\nIaZNw7fHpDXMbUmaNIZbf9aTJPTnQxwvXZcfcAysN61yYKam/xlKODi7UbX/Z6Gy\nTkYf9p2koCGiFtSHXRtMA/BL3Wl2mJqadLyo1GDsaIAFoObSsxlvalOn77SvGXig\nA50frD1sbgZlka8OzyvuDAvDsi5jsisZtUAHRrN1oKPgqgQ+uaO4LTc1EFrYvjP3\nFtbulzvzsJufc+mO51ZCFQ4YZ+3aztEbkmaJ94m5AAABAQDPTyXBLJyPoTIpwl5p\ns9OrXnSRtNZNyy5BMsV4N88JahUTxaJAL7FSUjNaBpmz+JOn+x9d2dX1VXa0wXlB\ni76pasXi90KlAyuTcFZdntCYQRJt/RPB65Tkpd9DmsBeYoeNSSciMjpaNQNU4Olx\nKY/ShTBGbXPdrSuJy2rkeqJ0WkEABH8Wslcrv3JK1OYBH4oKI+zbusbfAkxvw9BO\nj72f/aRRZQRw60FxIR9VJrrsK1Wp9TkGzaHMRTidAuuOEVZIU/LW6YzRr4a2VA0k\nVSuDRgxwNGqY8/Jhli39ut6IJIvDwMqwXxPvlwH6PXkp0Imt5A3fJXtyUZvMPcK5\nQuaPAAABAQDPzW+x3wprWEO8xBjl0FEFbg5K5GBpxobxrEI4aN+pSbab7HjMWngd\nsMHVDJ4Z51Bw32lg4MokNEtIPnKL3m3kQqipLgLAne7XYEyx334rz7DuwsdWBZ+4\n/WK9zE1itzE63TzdA5VnTCSuzBiZp6ribwhO54tku6FmXxMRpW6AqRA8ltPq85GZ\nF3MhDrUeTBomHw0fm4EWfMaj5ehIa9M94iLdRT61AQA+vCyIJw6N9BZuLJ4PgLQW\nE91g92qYH08MmZvusULUGHV7KQ5++aT4lVV9eX5uQ7+juVKojXO4tnVyq6nf8ZH9\nDnwvlLH0ZqNnIPN1+pNzOirWL/YgJ3dLAAAAAAEC\n-----END OPENSSH PRIVATE KEY-----\n",
            "private_key_pem": "-----BEGIN RSA PRIVATE KEY-----\nMIIJKAIBAAKCAgEAqEdcW8p5kFJkao3knwkhHEmz/HocausRZgxUHZGpLKRI15ON\nrVLpqyqDw+9/+qji4oYvGiL+nVofUMj0TqsXEnsakEI6vxVdQTeScR1FTcsYpgrz\n+xEE8ccXCJahx4JFcVHLLFMcngK6RrtAMbfb0LC7g8bukW4S9K0y+9yHgiiZ7h/8\nDpQGyyMY4TX26/pyTmnJ6V4NH4GdeU/XPr4HsRubYKZkIiM+CuGJ1OQ/lYNl2FXB\nDhoAepBEeNQMReAi41LYMk/SiI1N+TshylO2WHF89uEyeegKcbpvy8beeFOGjKzn\nVs91VT5Qodoc5xYuesnDQCxn6y4N4mku0APwdtp6u4r8Ic0KWyCixFKfi78AXjCn\nddEJVT64iNCWEWedk+CkHhxXY2yLmph/vn6ScWloc6S4RKm/m8OuJfVR1qzqIq9h\n5UNfSiAOdY7k5P6gxQ4X7sIMncGn1JemurOvLjeJI/Z3fARgYwMr4iycd00N4z+r\nhYJiFMr2axSR1uXHHctTWsiFpiiXN/9eQBr5qToIRi/J5hsaDZVYjQp6jUhIwvjp\nnN0j1XdflTKNgdiORBx7aIuKNNfqlbd9YzE++KN6tC/WqaJ/N9SODakP+mMBTCsb\n5dcj4afqrYDQxfZLm82gf6jZPZUakSEJwDZd/8tizgzU1Btx1YYAl1+PBOUCAwEA\nAQKCAgByTFYdOr+rGWt/PHWG2AqXTjBkUwSuUo/0wnb3xpIj8kpPsrdOfLyeODhb\ng3dn6AKDXiTsGczbT/VpR7U5IdiAAwGd7n48f+Rhgb+D+R+zoTlSvqnNZFf5aQLq\nIHYuLvu/5pCbwK/1W2Du3gzSOFGjxAb5kMtGGH/jlSjGDZo0/CLhrPPlawHaRDKH\n9cGLswak4BH24p0DQ2SUm3hV83kCAQBee2YUEd/4QA0Afy/4+9DXShfg3iRpG0iG\n0XCsnXrU8NZMBg+4FFJb8KAY7xcxp5P7lCZWyxcc/EcnICLHk+QV9PME8dB+X98g\nsCdlhpl3aUendQH4qcVgfZUAUUyoM/TU5vm+UqSLLhc+79dS/kCWvtcWYNPx71qC\n7BQeQUdxZF1dWwRIWJDv2VWPfsEoXwil/iVz+0e4bcy1T5l44dK3gB+TbmfZu78M\nFOC3NXvOyohKgwYvOfmpH0iMzhBaPZfTT7xZpuo9BoFE92817xGv7BbtBNLqzWAp\n5L3edpRngqDZF2mtF+3vqKBrIznpjiNmiVHmnyBO+nqnbvNXu2cnbs3swBeN1rtV\n2AN51RpwuzOjKv/Jhv6WxIiQ+Wt3hik0up2AiLhkV3QRD3uOXKRSH/tu9kM0b7v6\nkUyRWzHqrrz4tGdCq3cptKUaLddg0+GORVERinSCtGxznKWUmQKCAQEAz08lwSyc\nj6EyKcJeabPTq150kbTWTcsuQTLFeDfPCWoVE8WiQC+xUlIzWgaZs/iTp/sfXdnV\n9VV2tMF5QYu+qWrF4vdCpQMrk3BWXZ7QmEESbf0TweuU5KXfQ5rAXmKHjUknIjI6\nWjUDVODpcSmP0oUwRm1z3a0rictq5HqidFpBAAR/FrJXK79yStTmAR+KCiPs27rG\n3wJMb8PQTo+9n/2kUWUEcOtBcSEfVSa67CtVqfU5Bs2hzEU4nQLrjhFWSFPy1umM\n0a+GtlQNJFUrg0YMcDRqmPPyYZYt/breiCSLw8DKsF8T75cB+j15KdCJreQN3yV7\nclGbzD3CuULmjwKCAQEAz81vsd8Ka1hDvMQY5dBRBW4OSuRgacaG8axCOGjfqUm2\nm+x4zFp4HbDB1QyeGedQcN9pYODKJDRLSD5yi95t5EKoqS4CwJ3u12BMsd9+K8+w\n7sLHVgWfuP1ivcxNYrcxOt083QOVZ0wkrswYmaeq4m8ITueLZLuhZl8TEaVugKkQ\nPJbT6vORmRdzIQ61HkwaJh8NH5uBFnzGo+XoSGvTPeIi3UU+tQEAPrwsiCcOjfQW\nbiyeD4C0FhPdYPdqmB9PDJmb7rFC1Bh1eykOfvmk+JVVfXl+bkO/o7lSqI1zuLZ1\ncqup3/GR/Q58L5Sx9GajZyDzdfqTczoq1i/2ICd3SwKCAQAFdOLcg80XJroISVps\n09PlddYBo83kPE3aX3i9IlLrv4QQgio0IE09inZZj0TqbMeOK1j3Am3USEyYk2Ma\nq4/4K5xLzhBOAZhbCCDt0+lPqJ7QkFG9z/KaVhdbUy5vDY7d1CgYiVPp3e1ZhZX/\naYWkl+beY7EiC5XSyazlmKjAAUQmuPeTZFxRBXf/qjznmKnsfGeWnQLxCcFzS6cm\n+jeWh3mUvuDwC/EsBiAqAJv47WcS0yaOHEl+8+96ioIiuigYPUVuDLWtKz6TfADg\njPFZQjW/mlGX9wvRL7/EJvAGi1e2blOncsk2jDX8HTQcOqX1EsSetADc0HMWXCXM\n9IrXAoIBAGLwydHDBM7/g6EJLWGewjT3pc561n0GjZHcFtuM85FDC7NJ8Go8WRyp\n4GB0VYK35FEZzq7V2OlMDNwk/50hFumr42pKAf18NRBPRbUbWJO7m97S1t5aZyZJ\nXw5HjEEIQGRqmmQRJL2+P2kKvFvMvUx62VXYYUJhJAP+GLI6NlcEKDrxBY3E0vo1\ndBe1TP9T9M9Z0YHPJLN0TZAUE3kH/dhlJ3x7T9QW2esE5Z8eGYv1QAjNLaTr/tLU\nOn/EzfgIUDcLnHcV51/dFXLCpahHbQj+8WmAw3X0w/ZMctLWJtc36MvkeEmsV3pJ\nv09YWTKo+/xKcCEoYbRnaaX5yBKfN+kCggEBAMH6vBTFoVrg+88vu/Xgg5zYKN+f\njOtK7ZBNZXT9p4pb/Zjew5cTw59JBmICmSgMQ9E+70z/gPya+tE34GXdcXZLIxWk\n8cNrBWksbkFwLKaehv4hpk3Dt8ekNcxtSZo0hlt/1pMk9OdDHC9dlx9wDKw3rXJg\npqb/GUo4OLtRtf9nobJORh/2naSgIaIW1IddG0wD8EvdaXaYmpp0vKjUYOxogAWg\n5tKzGW9qU6fvtK8ZeKADnR+sPWxuBmWRrw7PK+4MC8OyLmOyKxm1QAdGs3Wgo+Cq\nBD65o7gtNzUQWti+M/cW1u6XO/Owm59z6Y7nVkIVDhhn7drO0RuSZon3ibk=\n-----END RSA PRIVATE KEY-----\n",
            "private_key_pem_pkcs8": "-----BEGIN PRIVATE KEY-----\nMIIJQgIBADANBgkqhkiG9w0BAQEFAASCCSwwggkoAgEAAoICAQCoR1xbynmQUmRq\njeSfCSEcSbP8ehxq6xFmDFQdkakspEjXk42tUumrKoPD73/6qOLihi8aIv6dWh9Q\nyPROqxcSexqQQjq/FV1BN5JxHUVNyximCvP7EQTxxxcIlqHHgkVxUcssUxyeArpG\nu0Axt9vQsLuDxu6RbhL0rTL73IeCKJnuH/wOlAbLIxjhNfbr+nJOacnpXg0fgZ15\nT9c+vgexG5tgpmQiIz4K4YnU5D+Vg2XYVcEOGgB6kER41AxF4CLjUtgyT9KIjU35\nOyHKU7ZYcXz24TJ56Apxum/Lxt54U4aMrOdWz3VVPlCh2hznFi56ycNALGfrLg3i\naS7QA/B22nq7ivwhzQpbIKLEUp+LvwBeMKd10QlVPriI0JYRZ52T4KQeHFdjbIua\nmH++fpJxaWhzpLhEqb+bw64l9VHWrOoir2HlQ19KIA51juTk/qDFDhfuwgydwafU\nl6a6s68uN4kj9nd8BGBjAyviLJx3TQ3jP6uFgmIUyvZrFJHW5ccdy1NayIWmKJc3\n/15AGvmpOghGL8nmGxoNlViNCnqNSEjC+Omc3SPVd1+VMo2B2I5EHHtoi4o01+qV\nt31jMT74o3q0L9apon831I4NqQ/6YwFMKxvl1yPhp+qtgNDF9kubzaB/qNk9lRqR\nIQnANl3/y2LODNTUG3HVhgCXX48E5QIDAQABAoICAHJMVh06v6sZa388dYbYCpdO\nMGRTBK5Sj/TCdvfGkiPySk+yt058vJ44OFuDd2foAoNeJOwZzNtP9WlHtTkh2IAD\nAZ3ufjx/5GGBv4P5H7OhOVK+qc1kV/lpAuogdi4u+7/mkJvAr/VbYO7eDNI4UaPE\nBvmQy0YYf+OVKMYNmjT8IuGs8+VrAdpEMof1wYuzBqTgEfbinQNDZJSbeFXzeQIB\nAF57ZhQR3/hADQB/L/j70NdKF+DeJGkbSIbRcKydetTw1kwGD7gUUlvwoBjvFzGn\nk/uUJlbLFxz8RycgIseT5BX08wTx0H5f3yCwJ2WGmXdpR6d1AfipxWB9lQBRTKgz\n9NTm+b5SpIsuFz7v11L+QJa+1xZg0/HvWoLsFB5BR3FkXV1bBEhYkO/ZVY9+wShf\nCKX+JXP7R7htzLVPmXjh0reAH5NuZ9m7vwwU4Lc1e87KiEqDBi85+akfSIzOEFo9\nl9NPvFmm6j0GgUT3bzXvEa/sFu0E0urNYCnkvd52lGeCoNkXaa0X7e+ooGsjOemO\nI2aJUeafIE76eqdu81e7ZyduzezAF43Wu1XYA3nVGnC7M6Mq/8mG/pbEiJD5a3eG\nKTS6nYCIuGRXdBEPe45cpFIf+272QzRvu/qRTJFbMequvPi0Z0Krdym0pRot12DT\n4Y5FURGKdIK0bHOcpZSZAoIBAQDPTyXBLJyPoTIpwl5ps9OrXnSRtNZNyy5BMsV4\nN88JahUTxaJAL7FSUjNaBpmz+JOn+x9d2dX1VXa0wXlBi76pasXi90KlAyuTcFZd\nntCYQRJt/RPB65Tkpd9DmsBeYoeNSSciMjpaNQNU4OlxKY/ShTBGbXPdrSuJy2rk\neqJ0WkEABH8Wslcrv3JK1OYBH4oKI+zbusbfAkxvw9BOj72f/aRRZQRw60FxIR9V\nJrrsK1Wp9TkGzaHMRTidAuuOEVZIU/LW6YzRr4a2VA0kVSuDRgxwNGqY8/Jhli39\nut6IJIvDwMqwXxPvlwH6PXkp0Imt5A3fJXtyUZvMPcK5QuaPAoIBAQDPzW+x3wpr\nWEO8xBjl0FEFbg5K5GBpxobxrEI4aN+pSbab7HjMWngdsMHVDJ4Z51Bw32lg4Mok\nNEtIPnKL3m3kQqipLgLAne7XYEyx334rz7DuwsdWBZ+4/WK9zE1itzE63TzdA5Vn\nTCSuzBiZp6ribwhO54tku6FmXxMRpW6AqRA8ltPq85GZF3MhDrUeTBomHw0fm4EW\nfMaj5ehIa9M94iLdRT61AQA+vCyIJw6N9BZuLJ4PgLQWE91g92qYH08MmZvusULU\nGHV7KQ5++aT4lVV9eX5uQ7+juVKojXO4tnVyq6nf8ZH9DnwvlLH0ZqNnIPN1+pNz\nOirWL/YgJ3dLAoIBAAV04tyDzRcmughJWmzT0+V11gGjzeQ8TdpfeL0iUuu/hBCC\nKjQgTT2KdlmPROpsx44rWPcCbdRITJiTYxqrj/grnEvOEE4BmFsIIO3T6U+ontCQ\nUb3P8ppWF1tTLm8Njt3UKBiJU+nd7VmFlf9phaSX5t5jsSILldLJrOWYqMABRCa4\n95NkXFEFd/+qPOeYqex8Z5adAvEJwXNLpyb6N5aHeZS+4PAL8SwGICoAm/jtZxLT\nJo4cSX7z73qKgiK6KBg9RW4Mta0rPpN8AOCM8VlCNb+aUZf3C9Evv8Qm8AaLV7Zu\nU6dyyTaMNfwdNBw6pfUSxJ60ANzQcxZcJcz0itcCggEAYvDJ0cMEzv+DoQktYZ7C\nNPelznrWfQaNkdwW24zzkUMLs0nwajxZHKngYHRVgrfkURnOrtXY6UwM3CT/nSEW\n6avjakoB/Xw1EE9FtRtYk7ub3tLW3lpnJklfDkeMQQhAZGqaZBEkvb4/aQq8W8y9\nTHrZVdhhQmEkA/4Ysjo2VwQoOvEFjcTS+jV0F7VM/1P0z1nRgc8ks3RNkBQTeQf9\n2GUnfHtP1BbZ6wTlnx4Zi/VACM0tpOv+0tQ6f8TN+AhQNwucdxXnX90VcsKlqEdt\nCP7xaYDDdfTD9kxy0tYm1zfoy+R4SaxXekm/T1hZMqj7/EpwIShhtGdppfnIEp83\n6QKCAQEAwfq8FMWhWuD7zy+79eCDnNgo35+M60rtkE1ldP2nilv9mN7DlxPDn0kG\nYgKZKAxD0T7vTP+A/Jr60TfgZd1xdksjFaTxw2sFaSxuQXAspp6G/iGmTcO3x6Q1\nzG1JmjSGW3/WkyT050McL12XH3AMrDetcmCmpv8ZSjg4u1G1/2ehsk5GH/adpKAh\nohbUh10bTAPwS91pdpiamnS8qNRg7GiABaDm0rMZb2pTp++0rxl4oAOdH6w9bG4G\nZZGvDs8r7gwLw7IuY7IrGbVAB0azdaCj4KoEPrmjuC03NRBa2L4z9xbW7pc787Cb\nn3PpjudWQhUOGGft2s7RG5JmifeJuQ==\n-----END PRIVATE KEY-----\n",
            "public_key_fingerprint_md5": "4a:cd:0d:42:e8:f4:f8:4a:b2:a7:7c:3d:f7:fb:69:83",
            "public_key_fingerprint_sha256": "SHA256:sPRlnHa/FfzRDRtajJpO5949v8ijHtZpOxQLarD/4bI",
            "public_key_openssh": "ssh-rsa AAAAB3NzaC1yc2EAAAADAQABAAACAQCoR1xbynmQUmRqjeSfCSEcSbP8ehxq6xFmDFQdkakspEjXk42tUumrKoPD73/6qOLihi8aIv6dWh9QyPROqxcSexqQQjq/FV1BN5JxHUVNyximCvP7EQTxxxcIlqHHgkVxUcssUxyeArpGu0Axt9vQsLuDxu6RbhL0rTL73IeCKJnuH/wOlAbLIxjhNfbr+nJOacnpXg0fgZ15T9c+vgexG5tgpmQiIz4K4YnU5D+Vg2XYVcEOGgB6kER41AxF4CLjUtgyT9KIjU35OyHKU7ZYcXz24TJ56Apxum/Lxt54U4aMrOdWz3VVPlCh2hznFi56ycNALGfrLg3iaS7QA/B22nq7ivwhzQpbIKLEUp+LvwBeMKd10QlVPriI0JYRZ52T4KQeHFdjbIuamH++fpJxaWhzpLhEqb+bw64l9VHWrOoir2HlQ19KIA51juTk/qDFDhfuwgydwafUl6a6s68uN4kj9nd8BGBjAyviLJx3TQ3jP6uFgmIUyvZrFJHW5ccdy1NayIWmKJc3/15AGvmpOghGL8nmGxoNlViNCnqNSEjC+Omc3SPVd1+VMo2B2I5EHHtoi4o01+qVt31jMT74o3q0L9apon831I4NqQ/6YwFMKxvl1yPhp+qtgNDF9kubzaB/qNk9lRqRIQnANl3/y2LODNTUG3HVhgCXX48E5Q==\n",
            "public_key_pem": "-----BEGIN PUBLIC KEY-----\nMIICIjANBgkqhkiG9w0BAQEFAAOCAg8AMIICCgKCAgEAqEdcW8p5kFJkao3knwkh\nHEmz/HocausRZgxUHZGpLKRI15ONrVLpqyqDw+9/+qji4oYvGiL+nVofUMj0TqsX\nEnsakEI6vxVdQTeScR1FTcsYpgrz+xEE8ccXCJahx4JFcVHLLFMcngK6RrtAMbfb\n0LC7g8bukW4S9K0y+9yHgiiZ7h/8DpQGyyMY4TX26/pyTmnJ6V4NH4GdeU/XPr4H\nsRubYKZkIiM+CuGJ1OQ/lYNl2FXBDhoAepBEeNQMReAi41LYMk/SiI1N+TshylO2\nWHF89uEyeegKcbpvy8beeFOGjKznVs91VT5Qodoc5xYuesnDQCxn6y4N4mku0APw\ndtp6u4r8Ic0KWyCixFKfi78AXjCnddEJVT64iNCWEWedk+CkHhxXY2yLmph/vn6S\ncWloc6S4RKm/m8OuJfVR1qzqIq9h5UNfSiAOdY7k5P6gxQ4X7sIMncGn1JemurOv\nLjeJI/Z3fARgYwMr4iycd00N4z+rhYJiFMr2axSR1uXHHctTWsiFpiiXN/9eQBr5\nqToIRi/J5hsaDZVYjQp6jUhIwvjpnN0j1XdflTKNgdiORBx7aIuKNNfqlbd9YzE+\n+KN6tC/WqaJ/N9SODakP+mMBTCsb5dcj4afqrYDQxfZLm82gf6jZPZUakSEJwDZd\n/8tizgzU1Btx1YYAl1+PBOUCAwEAAQ==\n-----END PUBLIC KEY-----\n",
            "rsa_bits": 4096
          },
          "sensitive_attributes": [
            [
              {
                "type": "get_attr",
                "value": "private_key_pem"
              }
            ],
            [
              {
                "type": "get_attr",
                "value": "private_key_openssh"
              }
            ],
            [
              {
                "type": "get_attr",
                "value": "private_key_pem_pkcs8"
              }
            ]
          ]
        }
      ]
    },
    {
      "module": "module.bucket",
      "mode": "data",
      "type": "aws_caller_identity",
      "name": "current",
      "provider": "provider[\"registry.terraform.io/hashicorp/aws\"]",
      "instances": [
        {
          "schema_version": 0,
          "attributes": {
            "account_id": "637423245284",
            "arn": "arn:aws:iam::637423245284:user/Mayank",
            "id": "637423245284",
            "user_id": "AIDAZI2LC27SHKZPUWCJR"
          },
          "sensitive_attributes": []
        }
      ]
    },
    {
      "module": "module.bucket",
      "mode": "data",
      "type": "aws_iam_policy_document",
      "name": "combined",
      "provider": "provider[\"registry.terraform.io/hashicorp/aws\"]",
      "instances": [
        {
          "index_key": 0,
          "schema_version": 0,
          "attributes": {
            "id": "459412836",
            "json": "{\n  \"Version\": \"2012-10-17\",\n  \"Statement\": [\n    {\n      \"Sid\": \"PublicReadForGetBucketObjects\",\n      \"Effect\": \"Allow\",\n      \"Action\": \"s3:GetObject\",\n      \"Resource\": \"arn:aws:s3:::static-bucket-1754/*\",\n      \"Principal\": {\n        \"AWS\": \"*\"\n      }\n    }\n  ]\n}",
            "minified_json": "{\"Version\":\"2012-10-17\",\"Statement\":[{\"Sid\":\"PublicReadForGetBucketObjects\",\"Effect\":\"Allow\",\"Action\":\"s3:GetObject\",\"Resource\":\"arn:aws:s3:::static-bucket-1754/*\",\"Principal\":{\"AWS\":\"*\"}}]}",
            "override_json": null,
            "override_policy_documents": null,
            "policy_id": null,
            "source_json": null,
            "source_policy_documents": [
              "{\"Statement\":[{\"Action\":\"s3:GetObject\",\"Effect\":\"Allow\",\"Principal\":{\"AWS\":\"*\"},\"Resource\":\"arn:aws:s3:::static-bucket-1754/*\",\"Sid\":\"PublicReadForGetBucketObjects\"}],\"Version\":\"2012-10-17\"}"
            ],
            "statement": null,
            "version": "2012-10-17"
          },
          "sensitive_attributes": []
        }
      ]
    },
    {
      "module": "module.bucket",
      "mode": "data",
      "type": "aws_partition",
      "name": "current",
      "provider": "provider[\"registry.terraform.io/hashicorp/aws\"]",
      "instances": [
        {
          "schema_version": 0,
          "attributes": {
            "dns_suffix": "amazonaws.com",
            "id": "aws",
            "partition": "aws",
            "reverse_dns_prefix": "com.amazonaws"
          },
          "sensitive_attributes": []
        }
      ]
    },
    {
      "module": "module.bucket",
      "mode": "data",
      "type": "aws_region",
      "name": "current",
      "provider": "provider[\"registry.terraform.io/hashicorp/aws\"]",
      "instances": [
        {
          "schema_version": 0,
          "attributes": {
            "description": "Asia Pacific (Mumbai)",
            "endpoint": "ec2.ap-south-1.amazonaws.com",
            "id": "ap-south-1",
            "name": "ap-south-1"
          },
          "sensitive_attributes": []
        }
      ]
    },
    {
      "module": "module.bucket",
      "mode": "managed",
      "type": "aws_s3_bucket",
      "name": "this",
      "provider": "provider[\"registry.terraform.io/hashicorp/aws\"]",
      "instances": [
        {
          "index_key": 0,
          "schema_version": 0,
          "attributes": {
            "acceleration_status": "",
            "acl": null,
            "arn": "arn:aws:s3:::static-bucket-1754",
            "bucket": "static-bucket-1754",
            "bucket_domain_name": "static-bucket-1754.s3.amazonaws.com",
            "bucket_prefix": "",
            "bucket_regional_domain_name": "static-bucket-1754.s3.ap-south-1.amazonaws.com",
            "cors_rule": [],
            "force_destroy": false,
            "grant": [
              {
                "id": "10f7794d73df27c823d4584a5d0209c7beee5d75cd5ad6d8d5ceb046b2b2cf14",
                "permissions": [
                  "FULL_CONTROL"
                ],
                "type": "CanonicalUser",
                "uri": ""
              }
            ],
            "hosted_zone_id": "Z11RGJOFQNVJUP",
            "id": "static-bucket-1754",
            "lifecycle_rule": [],
            "logging": [],
            "object_lock_configuration": [],
            "object_lock_enabled": false,
            "policy": "",
            "region": "ap-south-1",
            "replication_configuration": [],
            "request_payer": "BucketOwner",
            "server_side_encryption_configuration": [
              {
                "rule": [
                  {
                    "apply_server_side_encryption_by_default": [
                      {
                        "kms_master_key_id": "",
                        "sse_algorithm": "AES256"
                      }
                    ],
                    "bucket_key_enabled": false
                  }
                ]
              }
            ],
            "tags": null,
            "tags_all": {},
            "timeouts": null,
            "versioning": [
              {
                "enabled": false,
                "mfa_delete": false
              }
            ],
            "website": [],
            "website_domain": null,
            "website_endpoint": null
          },
          "sensitive_attributes": [],
          "private": "eyJlMmJmYjczMC1lY2FhLTExZTYtOGY4OC0zNDM2M2JjN2M0YzAiOnsiY3JlYXRlIjoxMjAwMDAwMDAwMDAwLCJkZWxldGUiOjM2MDAwMDAwMDAwMDAsInJlYWQiOjEyMDAwMDAwMDAwMDAsInVwZGF0ZSI6MTIwMDAwMDAwMDAwMH19"
        }
      ]
    },
    {
      "module": "module.bucket",
      "mode": "managed",
      "type": "aws_s3_bucket_ownership_controls",
      "name": "this",
      "provider": "provider[\"registry.terraform.io/hashicorp/aws\"]",
      "instances": [
        {
          "index_key": 0,
          "schema_version": 0,
          "attributes": {
            "bucket": "static-bucket-1754",
            "id": "static-bucket-1754",
            "rule": [
              {
                "object_ownership": "ObjectWriter"
              }
            ]
          },
          "sensitive_attributes": [],
          "private": "bnVsbA==",
          "dependencies": [
            "module.bucket.aws_s3_bucket.this",
            "module.bucket.aws_s3_bucket_policy.this",
            "module.bucket.aws_s3_bucket_public_access_block.this",
            "module.bucket.data.aws_caller_identity.current",
            "module.bucket.data.aws_iam_policy_document.access_log_delivery",
            "module.bucket.data.aws_iam_policy_document.combined",
            "module.bucket.data.aws_iam_policy_document.deny_incorrect_encryption_headers",
            "module.bucket.data.aws_iam_policy_document.deny_incorrect_kms_key_sse",
            "module.bucket.data.aws_iam_policy_document.deny_insecure_transport",
            "module.bucket.data.aws_iam_policy_document.deny_unencrypted_object_uploads",
            "module.bucket.data.aws_iam_policy_document.elb_log_delivery",
            "module.bucket.data.aws_iam_policy_document.inventory_and_analytics_destination_policy",
            "module.bucket.data.aws_iam_policy_document.lb_log_delivery",
            "module.bucket.data.aws_iam_policy_document.require_latest_tls",
            "module.bucket.data.aws_partition.current",
            "module.bucket.data.aws_region.current"
          ]
        }
      ]
    },
    {
      "module": "module.bucket",
      "mode": "managed",
      "type": "aws_s3_bucket_policy",
      "name": "this",
      "provider": "provider[\"registry.terraform.io/hashicorp/aws\"]",
      "instances": [
        {
          "index_key": 0,
          "schema_version": 0,
          "attributes": {
            "bucket": "static-bucket-1754",
            "id": "static-bucket-1754",
            "policy": "{\"Statement\":[{\"Action\":\"s3:GetObject\",\"Effect\":\"Allow\",\"Principal\":{\"AWS\":\"*\"},\"Resource\":\"arn:aws:s3:::static-bucket-1754/*\",\"Sid\":\"PublicReadForGetBucketObjects\"}],\"Version\":\"2012-10-17\"}"
          },
          "sensitive_attributes": [],
          "private": "bnVsbA==",
          "dependencies": [
            "module.bucket.aws_s3_bucket.this",
            "module.bucket.aws_s3_bucket_public_access_block.this",
            "module.bucket.data.aws_caller_identity.current",
            "module.bucket.data.aws_iam_policy_document.access_log_delivery",
            "module.bucket.data.aws_iam_policy_document.combined",
            "module.bucket.data.aws_iam_policy_document.deny_incorrect_encryption_headers",
            "module.bucket.data.aws_iam_policy_document.deny_incorrect_kms_key_sse",
            "module.bucket.data.aws_iam_policy_document.deny_insecure_transport",
            "module.bucket.data.aws_iam_policy_document.deny_unencrypted_object_uploads",
            "module.bucket.data.aws_iam_policy_document.elb_log_delivery",
            "module.bucket.data.aws_iam_policy_document.inventory_and_analytics_destination_policy",
            "module.bucket.data.aws_iam_policy_document.lb_log_delivery",
            "module.bucket.data.aws_iam_policy_document.require_latest_tls",
            "module.bucket.data.aws_partition.current",
            "module.bucket.data.aws_region.current"
          ]
        }
      ]
    },
    {
      "module": "module.bucket",
      "mode": "managed",
      "type": "aws_s3_bucket_public_access_block",
      "name": "this",
      "provider": "provider[\"registry.terraform.io/hashicorp/aws\"]",
      "instances": [
        {
          "index_key": 0,
          "schema_version": 0,
          "attributes": {
            "block_public_acls": false,
            "block_public_policy": false,
            "bucket": "static-bucket-1754",
            "id": "static-bucket-1754",
            "ignore_public_acls": false,
            "restrict_public_buckets": false
          },
          "sensitive_attributes": [],
          "private": "bnVsbA==",
          "dependencies": [
            "module.bucket.aws_s3_bucket.this"
          ]
        }
      ]
    },
    {
      "module": "module.bucket",
      "mode": "managed",
      "type": "aws_s3_bucket_versioning",
      "name": "this",
      "provider": "provider[\"registry.terraform.io/hashicorp/aws\"]",
      "instances": [
        {
          "index_key": 0,
          "schema_version": 0,
          "attributes": {
            "bucket": "static-bucket-1754",
            "expected_bucket_owner": "",
            "id": "static-bucket-1754",
            "mfa": null,
            "versioning_configuration": [
              {
                "mfa_delete": "",
                "status": "Disabled"
              }
            ]
          },
          "sensitive_attributes": [],
          "private": "bnVsbA==",
          "dependencies": [
            "module.bucket.aws_s3_bucket.this"
          ]
        }
      ]
    },
    {
      "module": "module.vpc",
      "mode": "managed",
      "type": "aws_default_network_acl",
      "name": "this",
      "provider": "provider[\"registry.terraform.io/hashicorp/aws\"]",
      "instances": [
        {
          "index_key": 0,
          "schema_version": 0,
          "attributes": {
            "arn": "arn:aws:ec2:ap-south-1:637423245284:network-acl/acl-0d717a419a0de0663",
            "default_network_acl_id": "acl-0d717a419a0de0663",
            "egress": [
              {
                "action": "allow",
                "cidr_block": "",
                "from_port": 0,
                "icmp_code": null,
                "icmp_type": null,
                "ipv6_cidr_block": "::/0",
                "protocol": "-1",
                "rule_no": 101,
                "to_port": 0
              },
              {
                "action": "allow",
                "cidr_block": "0.0.0.0/0",
                "from_port": 0,
                "icmp_code": null,
                "icmp_type": null,
                "ipv6_cidr_block": "",
                "protocol": "-1",
                "rule_no": 100,
                "to_port": 0
              }
            ],
            "id": "acl-0d717a419a0de0663",
            "ingress": [
              {
                "action": "allow",
                "cidr_block": "",
                "from_port": 0,
                "icmp_code": null,
                "icmp_type": null,
                "ipv6_cidr_block": "::/0",
                "protocol": "-1",
                "rule_no": 101,
                "to_port": 0
              },
              {
                "action": "allow",
                "cidr_block": "0.0.0.0/0",
                "from_port": 0,
                "icmp_code": null,
                "icmp_type": null,
                "ipv6_cidr_block": "",
                "protocol": "-1",
                "rule_no": 100,
                "to_port": 0
              }
            ],
            "owner_id": "637423245284",
            "subnet_ids": [
              "subnet-013f178fa2ae6e3d0",
              "subnet-0233ec7782dea47b4",
              "subnet-0eeeddbaf71ac7ee2"
            ],
            "tags": {
              "Environment": "demo",
              "Name": "aws_vpc",
              "Terraform": "true"
            },
            "tags_all": {
              "Environment": "demo",
              "Name": "aws_vpc",
              "Terraform": "true"
            },
            "vpc_id": "vpc-0a7bc3f269f598838"
          },
          "sensitive_attributes": [],
          "private": "bnVsbA==",
          "dependencies": [
            "module.vpc.aws_vpc.this"
          ]
        }
      ]
    },
    {
      "module": "module.vpc",
      "mode": "managed",
      "type": "aws_default_route_table",
      "name": "default",
      "provider": "provider[\"registry.terraform.io/hashicorp/aws\"]",
      "instances": [
        {
          "index_key": 0,
          "schema_version": 0,
          "attributes": {
            "arn": "arn:aws:ec2:ap-south-1:637423245284:route-table/rtb-054324e6135306488",
            "default_route_table_id": "rtb-054324e6135306488",
            "id": "rtb-054324e6135306488",
            "owner_id": "637423245284",
            "propagating_vgws": null,
            "route": [],
            "tags": {
              "Environment": "demo",
              "Name": "aws_vpc",
              "Terraform": "true"
            },
            "tags_all": {
              "Environment": "demo",
              "Name": "aws_vpc",
              "Terraform": "true"
            },
            "timeouts": {
              "create": "5m",
              "update": "5m"
            },
            "vpc_id": "vpc-0a7bc3f269f598838"
          },
          "sensitive_attributes": [],
          "private": "eyJlMmJmYjczMC1lY2FhLTExZTYtOGY4OC0zNDM2M2JjN2M0YzAiOnsiY3JlYXRlIjozMDAwMDAwMDAwMDAsInVwZGF0ZSI6MzAwMDAwMDAwMDAwfX0=",
          "dependencies": [
            "module.vpc.aws_vpc.this"
          ]
        }
      ]
    },
    {
      "module": "module.vpc",
      "mode": "managed",
      "type": "aws_default_security_group",
      "name": "this",
      "provider": "provider[\"registry.terraform.io/hashicorp/aws\"]",
      "instances": [
        {
          "index_key": 0,
          "schema_version": 1,
          "attributes": {
            "arn": "arn:aws:ec2:ap-south-1:637423245284:security-group/sg-061612131d7ccc213",
            "description": "default VPC security group",
            "egress": [],
            "id": "sg-061612131d7ccc213",
            "ingress": [],
            "name": "default",
            "name_prefix": "",
            "owner_id": "637423245284",
            "revoke_rules_on_delete": false,
            "tags": {
              "Environment": "demo",
              "Name": "aws_vpc",
              "Terraform": "true"
            },
            "tags_all": {
              "Environment": "demo",
              "Name": "aws_vpc",
              "Terraform": "true"
            },
            "vpc_id": "vpc-0a7bc3f269f598838"
          },
          "sensitive_attributes": [],
          "private": "eyJzY2hlbWFfdmVyc2lvbiI6IjEifQ==",
          "dependencies": [
            "module.vpc.aws_vpc.this"
          ]
        }
      ]
    },
    {
      "module": "module.vpc",
      "mode": "managed",
      "type": "aws_eip",
      "name": "nat",
      "provider": "provider[\"registry.terraform.io/hashicorp/aws\"]",
      "instances": [
        {
          "index_key": 0,
          "schema_version": 0,
          "attributes": {
            "address": null,
            "allocation_id": "eipalloc-0dde74e768c7f594d",
            "arn": "arn:aws:ec2:ap-south-1:637423245284:elastic-ip/eipalloc-0dde74e768c7f594d",
            "associate_with_private_ip": null,
            "association_id": "",
            "carrier_ip": "",
            "customer_owned_ip": "",
            "customer_owned_ipv4_pool": "",
            "domain": "vpc",
            "id": "eipalloc-0dde74e768c7f594d",
            "instance": "",
            "network_border_group": "ap-south-1",
            "network_interface": "",
            "private_dns": null,
            "private_ip": "",
            "ptr_record": "",
            "public_dns": "ec2-13-200-227-77.ap-south-1.compute.amazonaws.com",
            "public_ip": "13.200.227.77",
            "public_ipv4_pool": "amazon",
            "tags": {
              "Environment": "demo",
              "Name": "aws_vpc",
              "Terraform": "true"
            },
            "tags_all": {
              "Environment": "demo",
              "Name": "aws_vpc",
              "Terraform": "true"
            },
            "timeouts": null,
            "vpc": true
          },
          "sensitive_attributes": [],
          "private": "eyJlMmJmYjczMC1lY2FhLTExZTYtOGY4OC0zNDM2M2JjN2M0YzAiOnsiZGVsZXRlIjoxODAwMDAwMDAwMDAsInJlYWQiOjkwMDAwMDAwMDAwMCwidXBkYXRlIjozMDAwMDAwMDAwMDB9fQ==",
          "dependencies": [
            "module.vpc.aws_internet_gateway.this",
            "module.vpc.aws_vpc.this",
            "module.vpc.aws_vpc_ipv4_cidr_block_association.this"
          ]
        },
        {
          "index_key": 1,
          "schema_version": 0,
          "attributes": {
            "address": null,
            "allocation_id": "eipalloc-071d48e6fc17b6484",
            "arn": "arn:aws:ec2:ap-south-1:637423245284:elastic-ip/eipalloc-071d48e6fc17b6484",
            "associate_with_private_ip": null,
            "association_id": "",
            "carrier_ip": "",
            "customer_owned_ip": "",
            "customer_owned_ipv4_pool": "",
            "domain": "vpc",
            "id": "eipalloc-071d48e6fc17b6484",
            "instance": "",
            "network_border_group": "ap-south-1",
            "network_interface": "",
            "private_dns": null,
            "private_ip": "",
            "ptr_record": "",
            "public_dns": "ec2-3-111-120-251.ap-south-1.compute.amazonaws.com",
            "public_ip": "3.111.120.251",
            "public_ipv4_pool": "amazon",
            "tags": {
              "Environment": "demo",
              "Name": "aws_vpc",
              "Terraform": "true"
            },
            "tags_all": {
              "Environment": "demo",
              "Name": "aws_vpc",
              "Terraform": "true"
            },
            "timeouts": null,
            "vpc": true
          },
          "sensitive_attributes": [],
          "private": "eyJlMmJmYjczMC1lY2FhLTExZTYtOGY4OC0zNDM2M2JjN2M0YzAiOnsiZGVsZXRlIjoxODAwMDAwMDAwMDAsInJlYWQiOjkwMDAwMDAwMDAwMCwidXBkYXRlIjozMDAwMDAwMDAwMDB9fQ==",
          "dependencies": [
            "module.vpc.aws_internet_gateway.this",
            "module.vpc.aws_vpc.this",
            "module.vpc.aws_vpc_ipv4_cidr_block_association.this"
          ]
        }
      ]
    },
    {
      "module": "module.vpc",
      "mode": "managed",
      "type": "aws_internet_gateway",
      "name": "this",
      "provider": "provider[\"registry.terraform.io/hashicorp/aws\"]",
      "instances": [
        {
          "index_key": 0,
          "schema_version": 0,
          "attributes": {
            "arn": "arn:aws:ec2:ap-south-1:637423245284:internet-gateway/igw-00e84a311bb9764ab",
            "id": "igw-00e84a311bb9764ab",
            "owner_id": "637423245284",
            "tags": {
              "Environment": "demo",
              "Name": "aws_vpc",
              "Terraform": "true"
            },
            "tags_all": {
              "Environment": "demo",
              "Name": "aws_vpc",
              "Terraform": "true"
            },
            "timeouts": null,
            "vpc_id": "vpc-0a7bc3f269f598838"
          },
          "sensitive_attributes": [],
          "private": "eyJlMmJmYjczMC1lY2FhLTExZTYtOGY4OC0zNDM2M2JjN2M0YzAiOnsiY3JlYXRlIjoxMjAwMDAwMDAwMDAwLCJkZWxldGUiOjEyMDAwMDAwMDAwMDAsInVwZGF0ZSI6MTIwMDAwMDAwMDAwMH19",
          "dependencies": [
            "module.vpc.aws_vpc.this",
            "module.vpc.aws_vpc_ipv4_cidr_block_association.this"
          ]
        }
      ]
    },
    {
      "module": "module.vpc",
      "mode": "managed",
      "type": "aws_nat_gateway",
      "name": "this",
      "provider": "provider[\"registry.terraform.io/hashicorp/aws\"]",
      "instances": [
        {
          "index_key": 0,
          "schema_version": 0,
          "attributes": {
            "allocation_id": "eipalloc-0dde74e768c7f594d",
            "association_id": "eipassoc-0b82c8ea798d6536b",
            "connectivity_type": "public",
            "id": "nat-0ed26cd5ae9007dce",
            "network_interface_id": "eni-098f1e387316ee010",
            "private_ip": "192.168.11.200",
            "public_ip": "13.200.227.77",
            "secondary_allocation_ids": null,
            "secondary_private_ip_address_count": 0,
            "secondary_private_ip_addresses": [],
            "subnet_id": "subnet-0233ec7782dea47b4",
            "tags": {
              "Environment": "demo",
              "Name": "aws_vpc",
              "Terraform": "true"
            },
            "tags_all": {
              "Environment": "demo",
              "Name": "aws_vpc",
              "Terraform": "true"
            },
            "timeouts": null
          },
          "sensitive_attributes": [],
          "private": "eyJlMmJmYjczMC1lY2FhLTExZTYtOGY4OC0zNDM2M2JjN2M0YzAiOnsiY3JlYXRlIjo2MDAwMDAwMDAwMDAsImRlbGV0ZSI6MTgwMDAwMDAwMDAwMCwidXBkYXRlIjo2MDAwMDAwMDAwMDB9fQ==",
          "dependencies": [
            "module.vpc.aws_eip.nat",
            "module.vpc.aws_internet_gateway.this",
            "module.vpc.aws_subnet.public",
            "module.vpc.aws_vpc.this",
            "module.vpc.aws_vpc_ipv4_cidr_block_association.this"
          ]
        },
        {
          "index_key": 1,
          "schema_version": 0,
          "attributes": {
            "allocation_id": "eipalloc-071d48e6fc17b6484",
            "association_id": "eipassoc-0175a4942c4ac7e8e",
            "connectivity_type": "public",
            "id": "nat-00cc185cc17caead8",
            "network_interface_id": "eni-09de78e6c3d259ab2",
            "private_ip": "192.168.11.117",
            "public_ip": "3.111.120.251",
            "secondary_allocation_ids": null,
            "secondary_private_ip_address_count": 0,
            "secondary_private_ip_addresses": [],
            "subnet_id": "subnet-0233ec7782dea47b4",
            "tags": {
              "Environment": "demo",
              "Name": "aws_vpc",
              "Terraform": "true"
            },
            "tags_all": {
              "Environment": "demo",
              "Name": "aws_vpc",
              "Terraform": "true"
            },
            "timeouts": null
          },
          "sensitive_attributes": [],
          "private": "eyJlMmJmYjczMC1lY2FhLTExZTYtOGY4OC0zNDM2M2JjN2M0YzAiOnsiY3JlYXRlIjo2MDAwMDAwMDAwMDAsImRlbGV0ZSI6MTgwMDAwMDAwMDAwMCwidXBkYXRlIjo2MDAwMDAwMDAwMDB9fQ==",
          "dependencies": [
            "module.vpc.aws_eip.nat",
            "module.vpc.aws_internet_gateway.this",
            "module.vpc.aws_subnet.public",
            "module.vpc.aws_vpc.this",
            "module.vpc.aws_vpc_ipv4_cidr_block_association.this"
          ]
        }
      ]
    },
    {
      "module": "module.vpc",
      "mode": "managed",
      "type": "aws_route",
      "name": "private_nat_gateway",
      "provider": "provider[\"registry.terraform.io/hashicorp/aws\"]",
      "instances": [
        {
          "index_key": 0,
          "schema_version": 0,
          "attributes": {
            "carrier_gateway_id": "",
            "core_network_arn": "",
            "destination_cidr_block": "0.0.0.0/0",
            "destination_ipv6_cidr_block": "",
            "destination_prefix_list_id": "",
            "egress_only_gateway_id": "",
            "gateway_id": "",
            "id": "r-rtb-06694d3d3d8a1fd7e1080289494",
            "instance_id": "",
            "instance_owner_id": "",
            "local_gateway_id": "",
            "nat_gateway_id": "nat-0ed26cd5ae9007dce",
            "network_interface_id": "",
            "origin": "CreateRoute",
            "route_table_id": "rtb-06694d3d3d8a1fd7e",
            "state": "active",
            "timeouts": {
              "create": "5m",
              "delete": null,
              "update": null
            },
            "transit_gateway_id": "",
            "vpc_endpoint_id": "",
            "vpc_peering_connection_id": ""
          },
          "sensitive_attributes": [],
          "private": "eyJlMmJmYjczMC1lY2FhLTExZTYtOGY4OC0zNDM2M2JjN2M0YzAiOnsiY3JlYXRlIjozMDAwMDAwMDAwMDAsImRlbGV0ZSI6MzAwMDAwMDAwMDAwLCJ1cGRhdGUiOjEyMDAwMDAwMDAwMH19",
          "dependencies": [
            "module.vpc.aws_eip.nat",
            "module.vpc.aws_internet_gateway.this",
            "module.vpc.aws_nat_gateway.this",
            "module.vpc.aws_route_table.private",
            "module.vpc.aws_subnet.public",
            "module.vpc.aws_vpc.this",
            "module.vpc.aws_vpc_ipv4_cidr_block_association.this"
          ]
        },
        {
          "index_key": 1,
          "schema_version": 0,
          "attributes": {
            "carrier_gateway_id": "",
            "core_network_arn": "",
            "destination_cidr_block": "0.0.0.0/0",
            "destination_ipv6_cidr_block": "",
            "destination_prefix_list_id": "",
            "egress_only_gateway_id": "",
            "gateway_id": "",
            "id": "r-rtb-044d96ad9f939ba1e1080289494",
            "instance_id": "",
            "instance_owner_id": "",
            "local_gateway_id": "",
            "nat_gateway_id": "nat-00cc185cc17caead8",
            "network_interface_id": "",
            "origin": "CreateRoute",
            "route_table_id": "rtb-044d96ad9f939ba1e",
            "state": "active",
            "timeouts": {
              "create": "5m",
              "delete": null,
              "update": null
            },
            "transit_gateway_id": "",
            "vpc_endpoint_id": "",
            "vpc_peering_connection_id": ""
          },
          "sensitive_attributes": [],
          "private": "eyJlMmJmYjczMC1lY2FhLTExZTYtOGY4OC0zNDM2M2JjN2M0YzAiOnsiY3JlYXRlIjozMDAwMDAwMDAwMDAsImRlbGV0ZSI6MzAwMDAwMDAwMDAwLCJ1cGRhdGUiOjEyMDAwMDAwMDAwMH19",
          "dependencies": [
            "module.vpc.aws_eip.nat",
            "module.vpc.aws_internet_gateway.this",
            "module.vpc.aws_nat_gateway.this",
            "module.vpc.aws_route_table.private",
            "module.vpc.aws_subnet.public",
            "module.vpc.aws_vpc.this",
            "module.vpc.aws_vpc_ipv4_cidr_block_association.this"
          ]
        }
      ]
    },
    {
      "module": "module.vpc",
      "mode": "managed",
      "type": "aws_route",
      "name": "public_internet_gateway",
      "provider": "provider[\"registry.terraform.io/hashicorp/aws\"]",
      "instances": [
        {
          "index_key": 0,
          "schema_version": 0,
          "attributes": {
            "carrier_gateway_id": "",
            "core_network_arn": "",
            "destination_cidr_block": "0.0.0.0/0",
            "destination_ipv6_cidr_block": "",
            "destination_prefix_list_id": "",
            "egress_only_gateway_id": "",
            "gateway_id": "igw-00e84a311bb9764ab",
            "id": "r-rtb-0ea45c94b5e1c75f71080289494",
            "instance_id": "",
            "instance_owner_id": "",
            "local_gateway_id": "",
            "nat_gateway_id": "",
            "network_interface_id": "",
            "origin": "CreateRoute",
            "route_table_id": "rtb-0ea45c94b5e1c75f7",
            "state": "active",
            "timeouts": {
              "create": "5m",
              "delete": null,
              "update": null
            },
            "transit_gateway_id": "",
            "vpc_endpoint_id": "",
            "vpc_peering_connection_id": ""
          },
          "sensitive_attributes": [],
          "private": "eyJlMmJmYjczMC1lY2FhLTExZTYtOGY4OC0zNDM2M2JjN2M0YzAiOnsiY3JlYXRlIjozMDAwMDAwMDAwMDAsImRlbGV0ZSI6MzAwMDAwMDAwMDAwLCJ1cGRhdGUiOjEyMDAwMDAwMDAwMH19",
          "dependencies": [
            "module.vpc.aws_internet_gateway.this",
            "module.vpc.aws_route_table.public",
            "module.vpc.aws_vpc.this",
            "module.vpc.aws_vpc_ipv4_cidr_block_association.this"
          ]
        }
      ]
    },
    {
      "module": "module.vpc",
      "mode": "managed",
      "type": "aws_route_table",
      "name": "private",
      "provider": "provider[\"registry.terraform.io/hashicorp/aws\"]",
      "instances": [
        {
          "index_key": 0,
          "schema_version": 0,
          "attributes": {
            "arn": "arn:aws:ec2:ap-south-1:637423245284:route-table/rtb-06694d3d3d8a1fd7e",
            "id": "rtb-06694d3d3d8a1fd7e",
            "owner_id": "637423245284",
            "propagating_vgws": [],
            "route": [],
            "tags": {
              "Environment": "demo",
              "Name": "aws_vpc",
              "Terraform": "true"
            },
            "tags_all": {
              "Environment": "demo",
              "Name": "aws_vpc",
              "Terraform": "true"
            },
            "timeouts": null,
            "vpc_id": "vpc-0a7bc3f269f598838"
          },
          "sensitive_attributes": [],
          "private": "eyJlMmJmYjczMC1lY2FhLTExZTYtOGY4OC0zNDM2M2JjN2M0YzAiOnsiY3JlYXRlIjozMDAwMDAwMDAwMDAsImRlbGV0ZSI6MzAwMDAwMDAwMDAwLCJ1cGRhdGUiOjEyMDAwMDAwMDAwMH19",
          "dependencies": [
            "module.vpc.aws_vpc.this",
            "module.vpc.aws_vpc_ipv4_cidr_block_association.this"
          ]
        },
        {
          "index_key": 1,
          "schema_version": 0,
          "attributes": {
            "arn": "arn:aws:ec2:ap-south-1:637423245284:route-table/rtb-044d96ad9f939ba1e",
            "id": "rtb-044d96ad9f939ba1e",
            "owner_id": "637423245284",
            "propagating_vgws": [],
            "route": [],
            "tags": {
              "Environment": "demo",
              "Name": "aws_vpc",
              "Terraform": "true"
            },
            "tags_all": {
              "Environment": "demo",
              "Name": "aws_vpc",
              "Terraform": "true"
            },
            "timeouts": null,
            "vpc_id": "vpc-0a7bc3f269f598838"
          },
          "sensitive_attributes": [],
          "private": "eyJlMmJmYjczMC1lY2FhLTExZTYtOGY4OC0zNDM2M2JjN2M0YzAiOnsiY3JlYXRlIjozMDAwMDAwMDAwMDAsImRlbGV0ZSI6MzAwMDAwMDAwMDAwLCJ1cGRhdGUiOjEyMDAwMDAwMDAwMH19",
          "dependencies": [
            "module.vpc.aws_vpc.this",
            "module.vpc.aws_vpc_ipv4_cidr_block_association.this"
          ]
        }
      ]
    },
    {
      "module": "module.vpc",
      "mode": "managed",
      "type": "aws_route_table",
      "name": "public",
      "provider": "provider[\"registry.terraform.io/hashicorp/aws\"]",
      "instances": [
        {
          "index_key": 0,
          "schema_version": 0,
          "attributes": {
            "arn": "arn:aws:ec2:ap-south-1:637423245284:route-table/rtb-0ea45c94b5e1c75f7",
            "id": "rtb-0ea45c94b5e1c75f7",
            "owner_id": "637423245284",
            "propagating_vgws": [],
            "route": [],
            "tags": {
              "Environment": "demo",
              "Name": "aws_vpc",
              "Terraform": "true"
            },
            "tags_all": {
              "Environment": "demo",
              "Name": "aws_vpc",
              "Terraform": "true"
            },
            "timeouts": null,
            "vpc_id": "vpc-0a7bc3f269f598838"
          },
          "sensitive_attributes": [],
          "private": "eyJlMmJmYjczMC1lY2FhLTExZTYtOGY4OC0zNDM2M2JjN2M0YzAiOnsiY3JlYXRlIjozMDAwMDAwMDAwMDAsImRlbGV0ZSI6MzAwMDAwMDAwMDAwLCJ1cGRhdGUiOjEyMDAwMDAwMDAwMH19",
          "dependencies": [
            "module.vpc.aws_vpc.this",
            "module.vpc.aws_vpc_ipv4_cidr_block_association.this"
          ]
        }
      ]
    },
    {
      "module": "module.vpc",
      "mode": "managed",
      "type": "aws_route_table_association",
      "name": "private",
      "provider": "provider[\"registry.terraform.io/hashicorp/aws\"]",
      "instances": [
        {
          "index_key": 0,
          "schema_version": 0,
          "attributes": {
            "gateway_id": "",
            "id": "rtbassoc-06c677955f8efc1a0",
            "route_table_id": "rtb-06694d3d3d8a1fd7e",
            "subnet_id": "subnet-0eeeddbaf71ac7ee2",
            "timeouts": null
          },
          "sensitive_attributes": [],
          "private": "eyJlMmJmYjczMC1lY2FhLTExZTYtOGY4OC0zNDM2M2JjN2M0YzAiOnsiY3JlYXRlIjozMDAwMDAwMDAwMDAsImRlbGV0ZSI6MzAwMDAwMDAwMDAwLCJ1cGRhdGUiOjEyMDAwMDAwMDAwMH19",
          "dependencies": [
            "module.vpc.aws_route_table.private",
            "module.vpc.aws_subnet.private",
            "module.vpc.aws_vpc.this",
            "module.vpc.aws_vpc_ipv4_cidr_block_association.this"
          ]
        },
        {
          "index_key": 1,
          "schema_version": 0,
          "attributes": {
            "gateway_id": "",
            "id": "rtbassoc-0777b07cb3893a147",
            "route_table_id": "rtb-044d96ad9f939ba1e",
            "subnet_id": "subnet-013f178fa2ae6e3d0",
            "timeouts": null
          },
          "sensitive_attributes": [],
          "private": "eyJlMmJmYjczMC1lY2FhLTExZTYtOGY4OC0zNDM2M2JjN2M0YzAiOnsiY3JlYXRlIjozMDAwMDAwMDAwMDAsImRlbGV0ZSI6MzAwMDAwMDAwMDAwLCJ1cGRhdGUiOjEyMDAwMDAwMDAwMH19",
          "dependencies": [
            "module.vpc.aws_route_table.private",
            "module.vpc.aws_subnet.private",
            "module.vpc.aws_vpc.this",
            "module.vpc.aws_vpc_ipv4_cidr_block_association.this"
          ]
        }
      ]
    },
    {
      "module": "module.vpc",
      "mode": "managed",
      "type": "aws_route_table_association",
      "name": "public",
      "provider": "provider[\"registry.terraform.io/hashicorp/aws\"]",
      "instances": [
        {
          "index_key": 0,
          "schema_version": 0,
          "attributes": {
            "gateway_id": "",
            "id": "rtbassoc-010b3b341c0393dec",
            "route_table_id": "rtb-0ea45c94b5e1c75f7",
            "subnet_id": "subnet-0233ec7782dea47b4",
            "timeouts": null
          },
          "sensitive_attributes": [],
          "private": "eyJlMmJmYjczMC1lY2FhLTExZTYtOGY4OC0zNDM2M2JjN2M0YzAiOnsiY3JlYXRlIjozMDAwMDAwMDAwMDAsImRlbGV0ZSI6MzAwMDAwMDAwMDAwLCJ1cGRhdGUiOjEyMDAwMDAwMDAwMH19",
          "dependencies": [
            "module.vpc.aws_route_table.public",
            "module.vpc.aws_subnet.public",
            "module.vpc.aws_vpc.this",
            "module.vpc.aws_vpc_ipv4_cidr_block_association.this"
          ]
        }
      ]
    },
    {
      "module": "module.vpc",
      "mode": "managed",
      "type": "aws_subnet",
      "name": "private",
      "provider": "provider[\"registry.terraform.io/hashicorp/aws\"]",
      "instances": [
        {
          "index_key": 0,
          "schema_version": 1,
          "attributes": {
            "arn": "arn:aws:ec2:ap-south-1:637423245284:subnet/subnet-0eeeddbaf71ac7ee2",
            "assign_ipv6_address_on_creation": false,
            "availability_zone": "ap-south-1a",
            "availability_zone_id": "aps1-az1",
            "cidr_block": "192.168.1.0/24",
            "customer_owned_ipv4_pool": "",
            "enable_dns64": false,
            "enable_lni_at_device_index": 0,
            "enable_resource_name_dns_a_record_on_launch": false,
            "enable_resource_name_dns_aaaa_record_on_launch": false,
            "id": "subnet-0eeeddbaf71ac7ee2",
            "ipv6_cidr_block": "",
            "ipv6_cidr_block_association_id": "",
            "ipv6_native": false,
            "map_customer_owned_ip_on_launch": false,
            "map_public_ip_on_launch": false,
            "outpost_arn": "",
            "owner_id": "637423245284",
            "private_dns_hostname_type_on_launch": "ip-name",
            "tags": {
              "Environment": "demo",
              "Name": "aws_vpc",
              "Terraform": "true"
            },
            "tags_all": {
              "Environment": "demo",
              "Name": "aws_vpc",
              "Terraform": "true"
            },
            "timeouts": null,
            "vpc_id": "vpc-0a7bc3f269f598838"
          },
          "sensitive_attributes": [],
          "private": "eyJlMmJmYjczMC1lY2FhLTExZTYtOGY4OC0zNDM2M2JjN2M0YzAiOnsiY3JlYXRlIjo2MDAwMDAwMDAwMDAsImRlbGV0ZSI6MTIwMDAwMDAwMDAwMH0sInNjaGVtYV92ZXJzaW9uIjoiMSJ9",
          "dependencies": [
            "module.vpc.aws_vpc.this",
            "module.vpc.aws_vpc_ipv4_cidr_block_association.this"
          ]
        },
        {
          "index_key": 1,
          "schema_version": 1,
          "attributes": {
            "arn": "arn:aws:ec2:ap-south-1:637423245284:subnet/subnet-013f178fa2ae6e3d0",
            "assign_ipv6_address_on_creation": false,
            "availability_zone": "ap-south-1b",
            "availability_zone_id": "aps1-az3",
            "cidr_block": "192.168.2.0/24",
            "customer_owned_ipv4_pool": "",
            "enable_dns64": false,
            "enable_lni_at_device_index": 0,
            "enable_resource_name_dns_a_record_on_launch": false,
            "enable_resource_name_dns_aaaa_record_on_launch": false,
            "id": "subnet-013f178fa2ae6e3d0",
            "ipv6_cidr_block": "",
            "ipv6_cidr_block_association_id": "",
            "ipv6_native": false,
            "map_customer_owned_ip_on_launch": false,
            "map_public_ip_on_launch": false,
            "outpost_arn": "",
            "owner_id": "637423245284",
            "private_dns_hostname_type_on_launch": "ip-name",
            "tags": {
              "Environment": "demo",
              "Name": "aws_vpc",
              "Terraform": "true"
            },
            "tags_all": {
              "Environment": "demo",
              "Name": "aws_vpc",
              "Terraform": "true"
            },
            "timeouts": null,
            "vpc_id": "vpc-0a7bc3f269f598838"
          },
          "sensitive_attributes": [],
          "private": "eyJlMmJmYjczMC1lY2FhLTExZTYtOGY4OC0zNDM2M2JjN2M0YzAiOnsiY3JlYXRlIjo2MDAwMDAwMDAwMDAsImRlbGV0ZSI6MTIwMDAwMDAwMDAwMH0sInNjaGVtYV92ZXJzaW9uIjoiMSJ9",
          "dependencies": [
            "module.vpc.aws_vpc.this",
            "module.vpc.aws_vpc_ipv4_cidr_block_association.this"
          ]
        }
      ]
    },
    {
      "module": "module.vpc",
      "mode": "managed",
      "type": "aws_subnet",
      "name": "public",
      "provider": "provider[\"registry.terraform.io/hashicorp/aws\"]",
      "instances": [
        {
          "index_key": 0,
          "schema_version": 1,
          "attributes": {
            "arn": "arn:aws:ec2:ap-south-1:637423245284:subnet/subnet-0233ec7782dea47b4",
            "assign_ipv6_address_on_creation": false,
            "availability_zone": "ap-south-1a",
            "availability_zone_id": "aps1-az1",
            "cidr_block": "192.168.11.0/24",
            "customer_owned_ipv4_pool": "",
            "enable_dns64": false,
            "enable_lni_at_device_index": 0,
            "enable_resource_name_dns_a_record_on_launch": false,
            "enable_resource_name_dns_aaaa_record_on_launch": false,
            "id": "subnet-0233ec7782dea47b4",
            "ipv6_cidr_block": "",
            "ipv6_cidr_block_association_id": "",
            "ipv6_native": false,
            "map_customer_owned_ip_on_launch": false,
            "map_public_ip_on_launch": false,
            "outpost_arn": "",
            "owner_id": "637423245284",
            "private_dns_hostname_type_on_launch": "ip-name",
            "tags": {
              "Environment": "demo",
              "Name": "aws_vpc",
              "Terraform": "true"
            },
            "tags_all": {
              "Environment": "demo",
              "Name": "aws_vpc",
              "Terraform": "true"
            },
            "timeouts": null,
            "vpc_id": "vpc-0a7bc3f269f598838"
          },
          "sensitive_attributes": [],
          "private": "eyJlMmJmYjczMC1lY2FhLTExZTYtOGY4OC0zNDM2M2JjN2M0YzAiOnsiY3JlYXRlIjo2MDAwMDAwMDAwMDAsImRlbGV0ZSI6MTIwMDAwMDAwMDAwMH0sInNjaGVtYV92ZXJzaW9uIjoiMSJ9",
          "dependencies": [
            "module.vpc.aws_vpc.this",
            "module.vpc.aws_vpc_ipv4_cidr_block_association.this"
          ]
        }
      ]
    },
    {
      "module": "module.vpc",
      "mode": "managed",
      "type": "aws_vpc",
      "name": "this",
      "provider": "provider[\"registry.terraform.io/hashicorp/aws\"]",
      "instances": [
        {
          "index_key": 0,
          "schema_version": 1,
          "attributes": {
            "arn": "arn:aws:ec2:ap-south-1:637423245284:vpc/vpc-0a7bc3f269f598838",
            "assign_generated_ipv6_cidr_block": false,
            "cidr_block": "192.168.0.0/16",
            "default_network_acl_id": "acl-0d717a419a0de0663",
            "default_route_table_id": "rtb-054324e6135306488",
            "default_security_group_id": "sg-061612131d7ccc213",
            "dhcp_options_id": "dopt-05c5818cd265ba8b4",
            "enable_dns_hostnames": true,
            "enable_dns_support": true,
            "enable_network_address_usage_metrics": false,
            "id": "vpc-0a7bc3f269f598838",
            "instance_tenancy": "default",
            "ipv4_ipam_pool_id": null,
            "ipv4_netmask_length": null,
            "ipv6_association_id": "",
            "ipv6_cidr_block": "",
            "ipv6_cidr_block_network_border_group": "",
            "ipv6_ipam_pool_id": "",
            "ipv6_netmask_length": 0,
            "main_route_table_id": "rtb-054324e6135306488",
            "owner_id": "637423245284",
            "tags": {
              "Environment": "demo",
              "Name": "aws_vpc",
              "Terraform": "true"
            },
            "tags_all": {
              "Environment": "demo",
              "Name": "aws_vpc",
              "Terraform": "true"
            }
          },
          "sensitive_attributes": [],
          "private": "eyJzY2hlbWFfdmVyc2lvbiI6IjEifQ=="
        }
      ]
    }
  ],
  "check_results": null
}
